
Microsoft Visual Studio Solution File, Format Version 12.00
# Visual Studio Version 16
VisualStudioVersion = 16.0.29318.209
MinimumVisualStudioVersion = 10.0.40219.1
Project("{FAE04EC0-301F-11D3-BF4B-00C04F79EFBC}") = "TestMicro", "TestMicro\TestMicro.csproj", "{80FFE172-381B-4CE6-B802-992D02375660}"
EndProject
Global
	GlobalSection(SolutionConfigurationPlatforms) = preSolution
		Debug|Any CPU = Debug|Any CPU
		Release|Any CPU = Release|Any CPU
	EndGlobalSection
	GlobalSection(ProjectConfigurationPlatforms) = postSolution
		{80FFE172-381B-4CE6-B802-992D02375660}.Debug|Any CPU.ActiveCfg = Debug|Any CPU
		{80FFE172-381B-4CE6-B802-992D02375660}.Debug|Any CPU.Build.0 = Debug|Any CPU
		{80FFE172-381B-4CE6-B802-992D02375660}.Release|Any CPU.ActiveCfg = Release|Any CPU
		{80FFE172-381B-4CE6-B802-992D02375660}.Release|Any CPU.Build.0 = Release|Any CPU
	EndGlobalSection
	GlobalSection(SolutionProperties) = preSolution
		HideSolutionNode = FALSE
	EndGlobalSection
	GlobalSection(ExtensibilityGlobals) = postSolution
		SolutionGuid = {50A6078E-2B96-4AF2-A105-51A889B0124C}
	EndGlobalSection
EndGlobal
